# This file is automatically @generated by Cargo.
# It is not intended for manual editing.
[[package]]
name = "bit_count"
version = "0.1.0"

[[package]]
name = "buying_car"
version = "0.1.0"

[[package]]
name = "fibs_perimeter"
version = "0.1.0"

[[package]]
name = "granny_help"
version = "0.1.0"

[[package]]
name = "last_dig_large_num"
version = "0.1.0"

[[package]]
name = "max_len_diff"
version = "0.1.0"

[[package]]
name = "molecule_to_atoms"
version = "0.1.0"

[[package]]
name = "move_squared_string"
version = "0.1.0"

[[package]]
name = "rain_fall"
version = "0.1.0"

[[package]]
name = "same_vectors"
version = "0.1.0"

[[package]]
name = "your_order"
version = "0.1.0"

